
Microsoft Visual Studio Solution File, Format Version 12.00
# Visual Studio 2012
Project("{FAE04EC0-301F-11D3-BF4B-00C04F79EFBC}") = "ThreadExample", "ThreadExample\ThreadExample.csproj", "{844FF2E6-579E-4279-8A54-566CFE27CB4D}"
EndProject
Global
	GlobalSection(SolutionConfigurationPlatforms) = preSolution
		Debug|Any CPU = Debug|Any CPU
		Release|Any CPU = Release|Any CPU
	EndGlobalSection
	GlobalSection(ProjectConfigurationPlatforms) = postSolution
		{844FF2E6-579E-4279-8A54-566CFE27CB4D}.Debug|Any CPU.ActiveCfg = Debug|Any CPU
		{844FF2E6-579E-4279-8A54-566CFE27CB4D}.Debug|Any CPU.Build.0 = Debug|Any CPU
		{844FF2E6-579E-4279-8A54-566CFE27CB4D}.Release|Any CPU.ActiveCfg = Release|Any CPU
		{844FF2E6-579E-4279-8A54-566CFE27CB4D}.Release|Any CPU.Build.0 = Release|Any CPU
	EndGlobalSection
	GlobalSection(SolutionProperties) = preSolution
		HideSolutionNode = FALSE
	EndGlobalSection
EndGlobal
